
Microsoft Visual Studio Solution File, Format Version 12.00
# Visual Studio Version 17
VisualStudioVersion = 17.14.36121.58
MinimumVisualStudioVersion = 10.0.40219.1
Project("{FAE04EC0-301F-11D3-BF4B-00C04F79EFBC}") = "TB.WEBAPP.SUBMITMOTOR", "TB.WEBAPP.SUBMITMOTOR\TB.WEBAPP.SUBMITMOTOR.csproj", "{8D036C7A-55C7-42CF-88B4-7D28D119C05D}"
EndProject
Project("{FAE04EC0-301F-11D3-BF4B-00C04F79EFBC}") = "TB.WEBAPP.SUBMITMOTOR.APPLICATION", "TB.WEBAPP.SUBMITMOTOR.APPLICATION\TB.WEBAPP.SUBMITMOTOR.APPLICATION.csproj", "{60A597DC-A95A-4F20-B0C1-474B5245EAEF}"
EndProject
Project("{FAE04EC0-301F-11D3-BF4B-00C04F79EFBC}") = "TB.WEBAPP.SUBMITMOTOR.DOMIAN", "TB.WEBAPP.SUBMITMOTOR.DOMIAN\TB.WEBAPP.SUBMITMOTOR.DOMIAN.csproj", "{3D553C4E-0253-4DB0-912C-EAF66DA00BB1}"
EndProject
Project("{FAE04EC0-301F-11D3-BF4B-00C04F79EFBC}") = "TB.WEBAPP.SUBMITMOTOR.INFRASTRUCTURE", "TB.WEBAPP.SUBMITMOTOR.INFRASTRUCTURE\TB.WEBAPP.SUBMITMOTOR.INFRASTRUCTURE.csproj", "{5CA46688-F176-47A0-9280-587A827E69D2}"
EndProject
Project("{FAE04EC0-301F-11D3-BF4B-00C04F79EFBC}") = "TB.WEBAPP.SUBMITMOTOR.SHARED", "TB.WEBAPP.SUBMITMOTOR.SHARED\TB.WEBAPP.SUBMITMOTOR.SHARED.csproj", "{91CE37BE-D7E0-47D3-BE0A-453CDA22D4AC}"
EndProject
Project("{FAE04EC0-301F-11D3-BF4B-00C04F79EFBC}") = "TB.WEBAPP.SUBMITMOTOR.TESTS", "TB.WEBAPP.SUBMITMOTOR.TESTS\TB.WEBAPP.SUBMITMOTOR.TESTS.csproj", "{3DD0E7F9-53F3-4BC6-B473-929A74695574}"
EndProject
Global
	GlobalSection(SolutionConfigurationPlatforms) = preSolution
		Debug|Any CPU = Debug|Any CPU
		Release|Any CPU = Release|Any CPU
	EndGlobalSection
	GlobalSection(ProjectConfigurationPlatforms) = postSolution
		{8D036C7A-55C7-42CF-88B4-7D28D119C05D}.Debug|Any CPU.ActiveCfg = Debug|Any CPU
		{8D036C7A-55C7-42CF-88B4-7D28D119C05D}.Debug|Any CPU.Build.0 = Debug|Any CPU
		{8D036C7A-55C7-42CF-88B4-7D28D119C05D}.Release|Any CPU.ActiveCfg = Release|Any CPU
		{8D036C7A-55C7-42CF-88B4-7D28D119C05D}.Release|Any CPU.Build.0 = Release|Any CPU
		{60A597DC-A95A-4F20-B0C1-474B5245EAEF}.Debug|Any CPU.ActiveCfg = Debug|Any CPU
		{60A597DC-A95A-4F20-B0C1-474B5245EAEF}.Debug|Any CPU.Build.0 = Debug|Any CPU
		{60A597DC-A95A-4F20-B0C1-474B5245EAEF}.Release|Any CPU.ActiveCfg = Release|Any CPU
		{60A597DC-A95A-4F20-B0C1-474B5245EAEF}.Release|Any CPU.Build.0 = Release|Any CPU
		{3D553C4E-0253-4DB0-912C-EAF66DA00BB1}.Debug|Any CPU.ActiveCfg = Debug|Any CPU
		{3D553C4E-0253-4DB0-912C-EAF66DA00BB1}.Debug|Any CPU.Build.0 = Debug|Any CPU
		{3D553C4E-0253-4DB0-912C-EAF66DA00BB1}.Release|Any CPU.ActiveCfg = Release|Any CPU
		{3D553C4E-0253-4DB0-912C-EAF66DA00BB1}.Release|Any CPU.Build.0 = Release|Any CPU
		{5CA46688-F176-47A0-9280-587A827E69D2}.Debug|Any CPU.ActiveCfg = Debug|Any CPU
		{5CA46688-F176-47A0-9280-587A827E69D2}.Debug|Any CPU.Build.0 = Debug|Any CPU
		{5CA46688-F176-47A0-9280-587A827E69D2}.Release|Any CPU.ActiveCfg = Release|Any CPU
		{5CA46688-F176-47A0-9280-587A827E69D2}.Release|Any CPU.Build.0 = Release|Any CPU
		{91CE37BE-D7E0-47D3-BE0A-453CDA22D4AC}.Debug|Any CPU.ActiveCfg = Debug|Any CPU
		{91CE37BE-D7E0-47D3-BE0A-453CDA22D4AC}.Debug|Any CPU.Build.0 = Debug|Any CPU
		{91CE37BE-D7E0-47D3-BE0A-453CDA22D4AC}.Release|Any CPU.ActiveCfg = Release|Any CPU
		{91CE37BE-D7E0-47D3-BE0A-453CDA22D4AC}.Release|Any CPU.Build.0 = Release|Any CPU
		{3DD0E7F9-53F3-4BC6-B473-929A74695574}.Debug|Any CPU.ActiveCfg = Debug|Any CPU
		{3DD0E7F9-53F3-4BC6-B473-929A74695574}.Debug|Any CPU.Build.0 = Debug|Any CPU
		{3DD0E7F9-53F3-4BC6-B473-929A74695574}.Release|Any CPU.ActiveCfg = Release|Any CPU
		{3DD0E7F9-53F3-4BC6-B473-929A74695574}.Release|Any CPU.Build.0 = Release|Any CPU
	EndGlobalSection
	GlobalSection(SolutionProperties) = preSolution
		HideSolutionNode = FALSE
	EndGlobalSection
	GlobalSection(ExtensibilityGlobals) = postSolution
		SolutionGuid = {0D8B8E0C-9DD6-4254-87E5-FAFF9E0BCD4C}
	EndGlobalSection
EndGlobal
